// !$*UTF8*$!
{
	archiveVersion = 1;
	classes = {
	};
	objectVersion = 50;
	objects = {

/* Begin PBXBuildFile section */
		05260574B068A50D1DB9C716 /* libPods-AviaTickets.a in Frameworks */ = {isa = PBXBuildFile; fileRef = 4E52F138A663C34D72372E02 /* libPods-AviaTickets.a */; };
		6903943B2226961C007E0B46 /* TabBarController.m in Sources */ = {isa = PBXBuildFile; fileRef = 6903943A2226961C007E0B46 /* TabBarController.m */; };
		69057CF32212902E00E31E4D /* cities.json in Resources */ = {isa = PBXBuildFile; fileRef = 69057CF12212902E00E31E4D /* cities.json */; };
		69057CF42212902E00E31E4D /* countries.json in Resources */ = {isa = PBXBuildFile; fileRef = 69057CF22212902E00E31E4D /* countries.json */; };
		69057CF62212903500E31E4D /* airports.json in Resources */ = {isa = PBXBuildFile; fileRef = 69057CF52212903500E31E4D /* airports.json */; };
		6915A246222F95EB00617801 /* NotificationCenter.m in Sources */ = {isa = PBXBuildFile; fileRef = 6915A245222F95EB00617801 /* NotificationCenter.m */; };
		692204F2221C81300028E9C6 /* TicketTableViewCell.m in Sources */ = {isa = PBXBuildFile; fileRef = 692204F1221C81300028E9C6 /* TicketTableViewCell.m */; };
		692204F5221C92E10028E9C6 /* TicketsViewController.m in Sources */ = {isa = PBXBuildFile; fileRef = 692204F4221C92E10028E9C6 /* TicketsViewController.m */; };
		692F284A22229FD200CBECCF /* LocationService.m in Sources */ = {isa = PBXBuildFile; fileRef = 692F284922229FD200CBECCF /* LocationService.m */; };
		692F284D2222ABB600CBECCF /* MapPrice.m in Sources */ = {isa = PBXBuildFile; fileRef = 692F284C2222ABB600CBECCF /* MapPrice.m */; };
		698F9D42221BF85400F1B61A /* APIManager.m in Sources */ = {isa = PBXBuildFile; fileRef = 698F9D41221BF85400F1B61A /* APIManager.m */; };
		69A138E522238D5D0056C343 /* MapViewController.m in Sources */ = {isa = PBXBuildFile; fileRef = 69A138E422238D5D0056C343 /* MapViewController.m */; };
		69BC0B97220EC5D600BF5A88 /* PlaceViewController.m in Sources */ = {isa = PBXBuildFile; fileRef = 69BC0B96220EC5D600BF5A88 /* PlaceViewController.m */; };
		69BDB5C6222CFD4300E8EA74 /* Tickets.xcdatamodeld in Sources */ = {isa = PBXBuildFile; fileRef = 69BDB5C4222CFD4300E8EA74 /* Tickets.xcdatamodeld */; };
		69BDB5CC222CFE6800E8EA74 /* FavoriteTicket+CoreDataClass.m in Sources */ = {isa = PBXBuildFile; fileRef = 69BDB5CA222CFE6800E8EA74 /* FavoriteTicket+CoreDataClass.m */; };
		69BDB5CD222CFE6800E8EA74 /* FavoriteTicket+CoreDataProperties.m in Sources */ = {isa = PBXBuildFile; fileRef = 69BDB5CB222CFE6800E8EA74 /* FavoriteTicket+CoreDataProperties.m */; };
		69BDB5D0222D009000E8EA74 /* CoreDataHelper.m in Sources */ = {isa = PBXBuildFile; fileRef = 69BDB5CF222D009000E8EA74 /* CoreDataHelper.m */; };
		69DAEB97220C71AE0019C21E /* AppDelegate.m in Sources */ = {isa = PBXBuildFile; fileRef = 69DAEB96220C71AE0019C21E /* AppDelegate.m */; };
		69DAEB9A220C71AE0019C21E /* MainViewController.m in Sources */ = {isa = PBXBuildFile; fileRef = 69DAEB99220C71AE0019C21E /* MainViewController.m */; };
		69DAEB9F220C71AE0019C21E /* Assets.xcassets in Resources */ = {isa = PBXBuildFile; fileRef = 69DAEB9E220C71AE0019C21E /* Assets.xcassets */; };
		69DAEBA2220C71AE0019C21E /* LaunchScreen.storyboard in Resources */ = {isa = PBXBuildFile; fileRef = 69DAEBA0220C71AE0019C21E /* LaunchScreen.storyboard */; };
		69DAEBA5220C71AE0019C21E /* main.m in Sources */ = {isa = PBXBuildFile; fileRef = 69DAEBA4220C71AE0019C21E /* main.m */; };
		69DAEBAD220C7DA30019C21E /* Country.m in Sources */ = {isa = PBXBuildFile; fileRef = 69DAEBAC220C7DA30019C21E /* Country.m */; };
		69DAEBB0220C7F630019C21E /* City.m in Sources */ = {isa = PBXBuildFile; fileRef = 69DAEBAF220C7F630019C21E /* City.m */; };
		69DAEBB4220C89950019C21E /* Airport.m in Sources */ = {isa = PBXBuildFile; fileRef = 69DAEBB3220C89950019C21E /* Airport.m */; };
		69DAEBB7220C8C790019C21E /* DataManager.m in Sources */ = {isa = PBXBuildFile; fileRef = 69DAEBB6220C8C790019C21E /* DataManager.m */; };
		69E77CA2221C693B0049CE95 /* Ticket.m in Sources */ = {isa = PBXBuildFile; fileRef = 69E77CA1221C693B0049CE95 /* Ticket.m */; };
/* End PBXBuildFile section */

/* Begin PBXFileReference section */
		4E52F138A663C34D72372E02 /* libPods-AviaTickets.a */ = {isa = PBXFileReference; explicitFileType = archive.ar; includeInIndex = 0; path = "libPods-AviaTickets.a"; sourceTree = BUILT_PRODUCTS_DIR; };
		51AF884CF525447638714631 /* Pods-AviaTickets.release.xcconfig */ = {isa = PBXFileReference; includeInIndex = 1; lastKnownFileType = text.xcconfig; name = "Pods-AviaTickets.release.xcconfig"; path = "Pods/Target Support Files/Pods-AviaTickets/Pods-AviaTickets.release.xcconfig"; sourceTree = "<group>"; };
		690394392226961C007E0B46 /* TabBarController.h */ = {isa = PBXFileReference; lastKnownFileType = sourcecode.c.h; path = TabBarController.h; sourceTree = "<group>"; };
		6903943A2226961C007E0B46 /* TabBarController.m */ = {isa = PBXFileReference; lastKnownFileType = sourcecode.c.objc; path = TabBarController.m; sourceTree = "<group>"; };
		69057CF12212902E00E31E4D /* cities.json */ = {isa = PBXFileReference; fileEncoding = 4; lastKnownFileType = text.json; path = cities.json; sourceTree = "<group>"; };
		69057CF22212902E00E31E4D /* countries.json */ = {isa = PBXFileReference; fileEncoding = 4; lastKnownFileType = text.json; path = countries.json; sourceTree = "<group>"; };
		69057CF52212903500E31E4D /* airports.json */ = {isa = PBXFileReference; fileEncoding = 4; lastKnownFileType = text.json; path = airports.json; sourceTree = "<group>"; };
		6915A244222F95EB00617801 /* NotificationCenter.h */ = {isa = PBXFileReference; lastKnownFileType = sourcecode.c.h; path = NotificationCenter.h; sourceTree = "<group>"; };
		6915A245222F95EB00617801 /* NotificationCenter.m */ = {isa = PBXFileReference; lastKnownFileType = sourcecode.c.objc; path = NotificationCenter.m; sourceTree = "<group>"; };
		692204F0221C81300028E9C6 /* TicketTableViewCell.h */ = {isa = PBXFileReference; lastKnownFileType = sourcecode.c.h; path = TicketTableViewCell.h; sourceTree = "<group>"; };
		692204F1221C81300028E9C6 /* TicketTableViewCell.m */ = {isa = PBXFileReference; lastKnownFileType = sourcecode.c.objc; path = TicketTableViewCell.m; sourceTree = "<group>"; };
		692204F3221C92E10028E9C6 /* TicketsViewController.h */ = {isa = PBXFileReference; lastKnownFileType = sourcecode.c.h; path = TicketsViewController.h; sourceTree = "<group>"; };
		692204F4221C92E10028E9C6 /* TicketsViewController.m */ = {isa = PBXFileReference; lastKnownFileType = sourcecode.c.objc; path = TicketsViewController.m; sourceTree = "<group>"; };
		692F284822229FD200CBECCF /* LocationService.h */ = {isa = PBXFileReference; lastKnownFileType = sourcecode.c.h; path = LocationService.h; sourceTree = "<group>"; };
		692F284922229FD200CBECCF /* LocationService.m */ = {isa = PBXFileReference; lastKnownFileType = sourcecode.c.objc; path = LocationService.m; sourceTree = "<group>"; };
		692F284B2222ABB600CBECCF /* MapPrice.h */ = {isa = PBXFileReference; lastKnownFileType = sourcecode.c.h; path = MapPrice.h; sourceTree = "<group>"; };
		692F284C2222ABB600CBECCF /* MapPrice.m */ = {isa = PBXFileReference; lastKnownFileType = sourcecode.c.objc; path = MapPrice.m; sourceTree = "<group>"; };
		698F9D40221BF85400F1B61A /* APIManager.h */ = {isa = PBXFileReference; lastKnownFileType = sourcecode.c.h; path = APIManager.h; sourceTree = "<group>"; };
		698F9D41221BF85400F1B61A /* APIManager.m */ = {isa = PBXFileReference; lastKnownFileType = sourcecode.c.objc; path = APIManager.m; sourceTree = "<group>"; };
		69A138E322238D5D0056C343 /* MapViewController.h */ = {isa = PBXFileReference; lastKnownFileType = sourcecode.c.h; path = MapViewController.h; sourceTree = "<group>"; };
		69A138E422238D5D0056C343 /* MapViewController.m */ = {isa = PBXFileReference; lastKnownFileType = sourcecode.c.objc; path = MapViewController.m; sourceTree = "<group>"; };
		69BC0B95220EC5D600BF5A88 /* PlaceViewController.h */ = {isa = PBXFileReference; lastKnownFileType = sourcecode.c.h; path = PlaceViewController.h; sourceTree = "<group>"; };
		69BC0B96220EC5D600BF5A88 /* PlaceViewController.m */ = {isa = PBXFileReference; lastKnownFileType = sourcecode.c.objc; path = PlaceViewController.m; sourceTree = "<group>"; };
		69BDB5C5222CFD4300E8EA74 /* Tickets.xcdatamodel */ = {isa = PBXFileReference; lastKnownFileType = wrapper.xcdatamodel; path = Tickets.xcdatamodel; sourceTree = "<group>"; };
		69BDB5C8222CFE6800E8EA74 /* FavoriteTicket+CoreDataProperties.h */ = {isa = PBXFileReference; lastKnownFileType = sourcecode.c.h; path = "FavoriteTicket+CoreDataProperties.h"; sourceTree = "<group>"; };
		69BDB5C9222CFE6800E8EA74 /* FavoriteTicket+CoreDataClass.h */ = {isa = PBXFileReference; lastKnownFileType = sourcecode.c.h; path = "FavoriteTicket+CoreDataClass.h"; sourceTree = "<group>"; };
		69BDB5CA222CFE6800E8EA74 /* FavoriteTicket+CoreDataClass.m */ = {isa = PBXFileReference; lastKnownFileType = sourcecode.c.objc; path = "FavoriteTicket+CoreDataClass.m"; sourceTree = "<group>"; };
		69BDB5CB222CFE6800E8EA74 /* FavoriteTicket+CoreDataProperties.m */ = {isa = PBXFileReference; lastKnownFileType = sourcecode.c.objc; path = "FavoriteTicket+CoreDataProperties.m"; sourceTree = "<group>"; };
		69BDB5CE222D009000E8EA74 /* CoreDataHelper.h */ = {isa = PBXFileReference; lastKnownFileType = sourcecode.c.h; path = CoreDataHelper.h; sourceTree = "<group>"; };
		69BDB5CF222D009000E8EA74 /* CoreDataHelper.m */ = {isa = PBXFileReference; lastKnownFileType = sourcecode.c.objc; path = CoreDataHelper.m; sourceTree = "<group>"; };
		69DAEB92220C71AE0019C21E /* AviaTickets.app */ = {isa = PBXFileReference; explicitFileType = wrapper.application; includeInIndex = 0; path = AviaTickets.app; sourceTree = BUILT_PRODUCTS_DIR; };
		69DAEB95220C71AE0019C21E /* AppDelegate.h */ = {isa = PBXFileReference; lastKnownFileType = sourcecode.c.h; path = AppDelegate.h; sourceTree = "<group>"; };
		69DAEB96220C71AE0019C21E /* AppDelegate.m */ = {isa = PBXFileReference; lastKnownFileType = sourcecode.c.objc; path = AppDelegate.m; sourceTree = "<group>"; };
		69DAEB98220C71AE0019C21E /* MainViewController.h */ = {isa = PBXFileReference; lastKnownFileType = sourcecode.c.h; path = MainViewController.h; sourceTree = "<group>"; };
		69DAEB99220C71AE0019C21E /* MainViewController.m */ = {isa = PBXFileReference; lastKnownFileType = sourcecode.c.objc; path = MainViewController.m; sourceTree = "<group>"; };
		69DAEB9E220C71AE0019C21E /* Assets.xcassets */ = {isa = PBXFileReference; lastKnownFileType = folder.assetcatalog; path = Assets.xcassets; sourceTree = "<group>"; };
		69DAEBA1220C71AE0019C21E /* Base */ = {isa = PBXFileReference; lastKnownFileType = file.storyboard; name = Base; path = Base.lproj/LaunchScreen.storyboard; sourceTree = "<group>"; };
		69DAEBA3220C71AE0019C21E /* Info.plist */ = {isa = PBXFileReference; lastKnownFileType = text.plist.xml; path = Info.plist; sourceTree = "<group>"; };
		69DAEBA4220C71AE0019C21E /* main.m */ = {isa = PBXFileReference; lastKnownFileType = sourcecode.c.objc; path = main.m; sourceTree = "<group>"; };
		69DAEBAB220C7DA30019C21E /* Country.h */ = {isa = PBXFileReference; lastKnownFileType = sourcecode.c.h; path = Country.h; sourceTree = "<group>"; };
		69DAEBAC220C7DA30019C21E /* Country.m */ = {isa = PBXFileReference; lastKnownFileType = sourcecode.c.objc; path = Country.m; sourceTree = "<group>"; };
		69DAEBAE220C7F630019C21E /* City.h */ = {isa = PBXFileReference; lastKnownFileType = sourcecode.c.h; path = City.h; sourceTree = "<group>"; };
		69DAEBAF220C7F630019C21E /* City.m */ = {isa = PBXFileReference; lastKnownFileType = sourcecode.c.objc; path = City.m; sourceTree = "<group>"; };
		69DAEBB2220C89950019C21E /* Airport.h */ = {isa = PBXFileReference; lastKnownFileType = sourcecode.c.h; path = Airport.h; sourceTree = "<group>"; };
		69DAEBB3220C89950019C21E /* Airport.m */ = {isa = PBXFileReference; lastKnownFileType = sourcecode.c.objc; path = Airport.m; sourceTree = "<group>"; };
		69DAEBB5220C8C790019C21E /* DataManager.h */ = {isa = PBXFileReference; lastKnownFileType = sourcecode.c.h; path = DataManager.h; sourceTree = "<group>"; };
		69DAEBB6220C8C790019C21E /* DataManager.m */ = {isa = PBXFileReference; lastKnownFileType = sourcecode.c.objc; path = DataManager.m; sourceTree = "<group>"; };
		69E77CA0221C693B0049CE95 /* Ticket.h */ = {isa = PBXFileReference; lastKnownFileType = sourcecode.c.h; path = Ticket.h; sourceTree = "<group>"; };
		69E77CA1221C693B0049CE95 /* Ticket.m */ = {isa = PBXFileReference; lastKnownFileType = sourcecode.c.objc; path = Ticket.m; sourceTree = "<group>"; };
		AF7FDC1F7FCAA5AA1E2C84AA /* Pods-AviaTickets.debug.xcconfig */ = {isa = PBXFileReference; includeInIndex = 1; lastKnownFileType = text.xcconfig; name = "Pods-AviaTickets.debug.xcconfig"; path = "Pods/Target Support Files/Pods-AviaTickets/Pods-AviaTickets.debug.xcconfig"; sourceTree = "<group>"; };
/* End PBXFileReference section */

/* Begin PBXFrameworksBuildPhase section */
		69DAEB8F220C71AE0019C21E /* Frameworks */ = {
			isa = PBXFrameworksBuildPhase;
			buildActionMask = 2147483647;
			files = (
				05260574B068A50D1DB9C716 /* libPods-AviaTickets.a in Frameworks */,
			);
			runOnlyForDeploymentPostprocessing = 0;
		};
/* End PBXFrameworksBuildPhase section */

/* Begin PBXGroup section */
		32DBC90CD8A78BAF05DE8426 /* Frameworks */ = {
			isa = PBXGroup;
			children = (
				4E52F138A663C34D72372E02 /* libPods-AviaTickets.a */,
			);
			name = Frameworks;
			sourceTree = "<group>";
		};
		3DB6D27CAFB94D96E3499374 /* Pods */ = {
			isa = PBXGroup;
			children = (
				AF7FDC1F7FCAA5AA1E2C84AA /* Pods-AviaTickets.debug.xcconfig */,
				51AF884CF525447638714631 /* Pods-AviaTickets.release.xcconfig */,
			);
			name = Pods;
			sourceTree = "<group>";
		};
		69057CF02212900900E31E4D /* Jsons */ = {
			isa = PBXGroup;
			children = (
				69057CF52212903500E31E4D /* airports.json */,
				69057CF12212902E00E31E4D /* cities.json */,
				69057CF22212902E00E31E4D /* countries.json */,
			);
			path = Jsons;
			sourceTree = "<group>";
		};
		698F9D43221BF96000F1B61A /* Helpers */ = {
			isa = PBXGroup;
			children = (
				69BDB5C7222CFE3E00E8EA74 /* CoreDataModels */,
				698F9D40221BF85400F1B61A /* APIManager.h */,
				698F9D41221BF85400F1B61A /* APIManager.m */,
				69BDB5CE222D009000E8EA74 /* CoreDataHelper.h */,
				69BDB5CF222D009000E8EA74 /* CoreDataHelper.m */,
				69DAEBB5220C8C790019C21E /* DataManager.h */,
				69DAEBB6220C8C790019C21E /* DataManager.m */,
				6915A244222F95EB00617801 /* NotificationCenter.h */,
				6915A245222F95EB00617801 /* NotificationCenter.m */,
			);
			path = Helpers;
			sourceTree = "<group>";
		};
		69BC0B94220EC59300BF5A88 /* Controllers */ = {
			isa = PBXGroup;
			children = (
				69DAEB98220C71AE0019C21E /* MainViewController.h */,
				69DAEB99220C71AE0019C21E /* MainViewController.m */,
				69A138E322238D5D0056C343 /* MapViewController.h */,
				69A138E422238D5D0056C343 /* MapViewController.m */,
				69BC0B95220EC5D600BF5A88 /* PlaceViewController.h */,
				69BC0B96220EC5D600BF5A88 /* PlaceViewController.m */,
				692204F0221C81300028E9C6 /* TicketTableViewCell.h */,
				692204F1221C81300028E9C6 /* TicketTableViewCell.m */,
				692204F3221C92E10028E9C6 /* TicketsViewController.h */,
				692204F4221C92E10028E9C6 /* TicketsViewController.m */,
				690394392226961C007E0B46 /* TabBarController.h */,
				6903943A2226961C007E0B46 /* TabBarController.m */,
			);
			path = Controllers;
			sourceTree = "<group>";
		};
		69BDB5C7222CFE3E00E8EA74 /* CoreDataModels */ = {
			isa = PBXGroup;
			children = (
				69BDB5C9222CFE6800E8EA74 /* FavoriteTicket+CoreDataClass.h */,
				69BDB5CA222CFE6800E8EA74 /* FavoriteTicket+CoreDataClass.m */,
				69BDB5C8222CFE6800E8EA74 /* FavoriteTicket+CoreDataProperties.h */,
				69BDB5CB222CFE6800E8EA74 /* FavoriteTicket+CoreDataProperties.m */,
			);
			path = CoreDataModels;
			sourceTree = "<group>";
		};
		69DAEB89220C71AD0019C21E = {
			isa = PBXGroup;
			children = (
				69DAEB94220C71AE0019C21E /* AviaTickets */,
				69DAEB93220C71AE0019C21E /* Products */,
				3DB6D27CAFB94D96E3499374 /* Pods */,
				32DBC90CD8A78BAF05DE8426 /* Frameworks */,
			);
			sourceTree = "<group>";
		};
		69DAEB93220C71AE0019C21E /* Products */ = {
			isa = PBXGroup;
			children = (
				69DAEB92220C71AE0019C21E /* AviaTickets.app */,
			);
			name = Products;
			sourceTree = "<group>";
		};
		69DAEB94220C71AE0019C21E /* AviaTickets */ = {
			isa = PBXGroup;
			children = (
				69DAEB95220C71AE0019C21E /* AppDelegate.h */,
				69DAEB96220C71AE0019C21E /* AppDelegate.m */,
				698F9D43221BF96000F1B61A /* Helpers */,
				69DAEBB1220C7F6B0019C21E /* Models */,
				69057CF02212900900E31E4D /* Jsons */,
				69BC0B94220EC59300BF5A88 /* Controllers */,
				69DAEB9E220C71AE0019C21E /* Assets.xcassets */,
				69DAEBA0220C71AE0019C21E /* LaunchScreen.storyboard */,
				69DAEBA3220C71AE0019C21E /* Info.plist */,
				69BDB5C4222CFD4300E8EA74 /* Tickets.xcdatamodeld */,
				69DAEBA4220C71AE0019C21E /* main.m */,
			);
			path = AviaTickets;
			sourceTree = "<group>";
		};
		69DAEBB1220C7F6B0019C21E /* Models */ = {
			isa = PBXGroup;
			children = (
				69DAEBB2220C89950019C21E /* Airport.h */,
				69DAEBB3220C89950019C21E /* Airport.m */,
				69DAEBAE220C7F630019C21E /* City.h */,
				69DAEBAF220C7F630019C21E /* City.m */,
				69DAEBAB220C7DA30019C21E /* Country.h */,
				69DAEBAC220C7DA30019C21E /* Country.m */,
				692F284822229FD200CBECCF /* LocationService.h */,
				692F284922229FD200CBECCF /* LocationService.m */,
				692F284B2222ABB600CBECCF /* MapPrice.h */,
				692F284C2222ABB600CBECCF /* MapPrice.m */,
				69E77CA0221C693B0049CE95 /* Ticket.h */,
				69E77CA1221C693B0049CE95 /* Ticket.m */,
			);
			path = Models;
			sourceTree = "<group>";
		};
/* End PBXGroup section */

/* Begin PBXNativeTarget section */
		69DAEB91220C71AE0019C21E /* AviaTickets */ = {
			isa = PBXNativeTarget;
			buildConfigurationList = 69DAEBA8220C71AE0019C21E /* Build configuration list for PBXNativeTarget "AviaTickets" */;
			buildPhases = (
				49B150525281A971853E335A /* [CP] Check Pods Manifest.lock */,
				69DAEB8E220C71AE0019C21E /* Sources */,
				69DAEB8F220C71AE0019C21E /* Frameworks */,
				69DAEB90220C71AE0019C21E /* Resources */,
			);
			buildRules = (
			);
			dependencies = (
			);
			name = AviaTickets;
			productName = AviaTickets;
			productReference = 69DAEB92220C71AE0019C21E /* AviaTickets.app */;
			productType = "com.apple.product-type.application";
		};
/* End PBXNativeTarget section */

/* Begin PBXProject section */
		69DAEB8A220C71AD0019C21E /* Project object */ = {
			isa = PBXProject;
			attributes = {
				LastUpgradeCheck = 1010;
				ORGANIZATIONNAME = "Denis Abramov";
				TargetAttributes = {
					69DAEB91220C71AE0019C21E = {
						CreatedOnToolsVersion = 10.1;
					};
				};
			};
			buildConfigurationList = 69DAEB8D220C71AD0019C21E /* Build configuration list for PBXProject "AviaTickets" */;
			compatibilityVersion = "Xcode 9.3";
			developmentRegion = en;
			hasScannedForEncodings = 0;
			knownRegions = (
				en,
				Base,
			);
			mainGroup = 69DAEB89220C71AD0019C21E;
			productRefGroup = 69DAEB93220C71AE0019C21E /* Products */;
			projectDirPath = "";
			projectRoot = "";
			targets = (
				69DAEB91220C71AE0019C21E /* AviaTickets */,
			);
		};
/* End PBXProject section */

/* Begin PBXResourcesBuildPhase section */
		69DAEB90220C71AE0019C21E /* Resources */ = {
			isa = PBXResourcesBuildPhase;
			buildActionMask = 2147483647;
			files = (
				69057CF32212902E00E31E4D /* cities.json in Resources */,
				69DAEBA2220C71AE0019C21E /* LaunchScreen.storyboard in Resources */,
				69057CF42212902E00E31E4D /* countries.json in Resources */,
				69DAEB9F220C71AE0019C21E /* Assets.xcassets in Resources */,
				69057CF62212903500E31E4D /* airports.json in Resources */,
			);
			runOnlyForDeploymentPostprocessing = 0;
		};
/* End PBXResourcesBuildPhase section */

/* Begin PBXShellScriptBuildPhase section */
		49B150525281A971853E335A /* [CP] Check Pods Manifest.lock */ = {
			isa = PBXShellScriptBuildPhase;
			buildActionMask = 2147483647;
			files = (
			);
			inputFileListPaths = (
			);
			inputPaths = (
				"${PODS_PODFILE_DIR_PATH}/Podfile.lock",
				"${PODS_ROOT}/Manifest.lock",
			);
			name = "[CP] Check Pods Manifest.lock";
			outputFileListPaths = (
			);
			outputPaths = (
				"$(DERIVED_FILE_DIR)/Pods-AviaTickets-checkManifestLockResult.txt",
			);
			runOnlyForDeploymentPostprocessing = 0;
			shellPath = /bin/sh;
			shellScript = "diff \"${PODS_PODFILE_DIR_PATH}/Podfile.lock\" \"${PODS_ROOT}/Manifest.lock\" > /dev/null\nif [ $? != 0 ] ; then\n    # print error to STDERR\n    echo \"error: The sandbox is not in sync with the Podfile.lock. Run 'pod install' or update your CocoaPods installation.\" >&2\n    exit 1\nfi\n# This output is used by Xcode 'outputs' to avoid re-running this script phase.\necho \"SUCCESS\" > \"${SCRIPT_OUTPUT_FILE_0}\"\n";
			showEnvVarsInLog = 0;
		};
/* End PBXShellScriptBuildPhase section */

/* Begin PBXSourcesBuildPhase section */
		69DAEB8E220C71AE0019C21E /* Sources */ = {
			isa = PBXSourcesBuildPhase;
			buildActionMask = 2147483647;
			files = (
				69DAEBB0220C7F630019C21E /* City.m in Sources */,
				69DAEBAD220C7DA30019C21E /* Country.m in Sources */,
				698F9D42221BF85400F1B61A /* APIManager.m in Sources */,
				69DAEBB7220C8C790019C21E /* DataManager.m in Sources */,
				692204F2221C81300028E9C6 /* TicketTableViewCell.m in Sources */,
				69BC0B97220EC5D600BF5A88 /* PlaceViewController.m in Sources */,
				692F284D2222ABB600CBECCF /* MapPrice.m in Sources */,
				69BDB5CD222CFE6800E8EA74 /* FavoriteTicket+CoreDataProperties.m in Sources */,
				69E77CA2221C693B0049CE95 /* Ticket.m in Sources */,
				692F284A22229FD200CBECCF /* LocationService.m in Sources */,
				69DAEB9A220C71AE0019C21E /* MainViewController.m in Sources */,
				6915A246222F95EB00617801 /* NotificationCenter.m in Sources */,
				692204F5221C92E10028E9C6 /* TicketsViewController.m in Sources */,
				69DAEBB4220C89950019C21E /* Airport.m in Sources */,
				69A138E522238D5D0056C343 /* MapViewController.m in Sources */,
				69BDB5C6222CFD4300E8EA74 /* Tickets.xcdatamodeld in Sources */,
				6903943B2226961C007E0B46 /* TabBarController.m in Sources */,
				69BDB5CC222CFE6800E8EA74 /* FavoriteTicket+CoreDataClass.m in Sources */,
				69DAEBA5220C71AE0019C21E /* main.m in Sources */,
				69BDB5D0222D009000E8EA74 /* CoreDataHelper.m in Sources */,
				69DAEB97220C71AE0019C21E /* AppDelegate.m in Sources */,
			);
			runOnlyForDeploymentPostprocessing = 0;
		};
/* End PBXSourcesBuildPhase section */

/* Begin PBXVariantGroup section */
		69DAEBA0220C71AE0019C21E /* LaunchScreen.storyboard */ = {
			isa = PBXVariantGroup;
			children = (
				69DAEBA1220C71AE0019C21E /* Base */,
			);
			name = LaunchScreen.storyboard;
			sourceTree = "<group>";
		};
/* End PBXVariantGroup section */

/* Begin XCBuildConfiguration section */
		69DAEBA6220C71AE0019C21E /* Debug */ = {
			isa = XCBuildConfiguration;
			buildSettings = {
				ALWAYS_SEARCH_USER_PATHS = NO;
				CLANG_ANALYZER_NONNULL = YES;
				CLANG_ANALYZER_NUMBER_OBJECT_CONVERSION = YES_AGGRESSIVE;
				CLANG_CXX_LANGUAGE_STANDARD = "gnu++14";
				CLANG_CXX_LIBRARY = "libc++";
				CLANG_ENABLE_MODULES = YES;
				CLANG_ENABLE_OBJC_ARC = YES;
				CLANG_ENABLE_OBJC_WEAK = YES;
				CLANG_WARN_BLOCK_CAPTURE_AUTORELEASING = YES;
				CLANG_WARN_BOOL_CONVERSION = YES;
				CLANG_WARN_COMMA = YES;
				CLANG_WARN_CONSTANT_CONVERSION = YES;
				CLANG_WARN_DEPRECATED_OBJC_IMPLEMENTATIONS = YES;
				CLANG_WARN_DIRECT_OBJC_ISA_USAGE = YES_ERROR;
				CLANG_WARN_DOCUMENTATION_COMMENTS = YES;
				CLANG_WARN_EMPTY_BODY = YES;
				CLANG_WARN_ENUM_CONVERSION = YES;
				CLANG_WARN_INFINITE_RECURSION = YES;
				CLANG_WARN_INT_CONVERSION = YES;
				CLANG_WARN_NON_LITERAL_NULL_CONVERSION = YES;
				CLANG_WARN_OBJC_IMPLICIT_RETAIN_SELF = YES;
				CLANG_WARN_OBJC_LITERAL_CONVERSION = YES;
				CLANG_WARN_OBJC_ROOT_CLASS = YES_ERROR;
				CLANG_WARN_RANGE_LOOP_ANALYSIS = YES;
				CLANG_WARN_STRICT_PROTOTYPES = YES;
				CLANG_WARN_SUSPICIOUS_MOVE = YES;
				CLANG_WARN_UNGUARDED_AVAILABILITY = YES_AGGRESSIVE;
				CLANG_WARN_UNREACHABLE_CODE = YES;
				CLANG_WARN__DUPLICATE_METHOD_MATCH = YES;
				CODE_SIGN_IDENTITY = "iPhone Developer";
				COPY_PHASE_STRIP = NO;
				DEBUG_INFORMATION_FORMAT = dwarf;
				ENABLE_STRICT_OBJC_MSGSEND = YES;
				ENABLE_TESTABILITY = YES;
				GCC_C_LANGUAGE_STANDARD = gnu11;
				GCC_DYNAMIC_NO_PIC = NO;
				GCC_NO_COMMON_BLOCKS = YES;
				GCC_OPTIMIZATION_LEVEL = 0;
				GCC_PREPROCESSOR_DEFINITIONS = (
					"DEBUG=1",
					"$(inherited)",
				);
				GCC_WARN_64_TO_32_BIT_CONVERSION = YES;
				GCC_WARN_ABOUT_RETURN_TYPE = YES_ERROR;
				GCC_WARN_UNDECLARED_SELECTOR = YES;
				GCC_WARN_UNINITIALIZED_AUTOS = YES_AGGRESSIVE;
				GCC_WARN_UNUSED_FUNCTION = YES;
				GCC_WARN_UNUSED_VARIABLE = YES;
				IPHONEOS_DEPLOYMENT_TARGET = 12.1;
				MTL_ENABLE_DEBUG_INFO = INCLUDE_SOURCE;
				MTL_FAST_MATH = YES;
				ONLY_ACTIVE_ARCH = YES;
				SDKROOT = iphoneos;
			};
			name = Debug;
		};
		69DAEBA7220C71AE0019C21E /* Release */ = {
			isa = XCBuildConfiguration;
			buildSettings = {
				ALWAYS_SEARCH_USER_PATHS = NO;
				CLANG_ANALYZER_NONNULL = YES;
				CLANG_ANALYZER_NUMBER_OBJECT_CONVERSION = YES_AGGRESSIVE;
				CLANG_CXX_LANGUAGE_STANDARD = "gnu++14";
				CLANG_CXX_LIBRARY = "libc++";
				CLANG_ENABLE_MODULES = YES;
				CLANG_ENABLE_OBJC_ARC = YES;
				CLANG_ENABLE_OBJC_WEAK = YES;
				CLANG_WARN_BLOCK_CAPTURE_AUTORELEASING = YES;
				CLANG_WARN_BOOL_CONVERSION = YES;
				CLANG_WARN_COMMA = YES;
				CLANG_WARN_CONSTANT_CONVERSION = YES;
				CLANG_WARN_DEPRECATED_OBJC_IMPLEMENTATIONS = YES;
				CLANG_WARN_DIRECT_OBJC_ISA_USAGE = YES_ERROR;
				CLANG_WARN_DOCUMENTATION_COMMENTS = YES;
				CLANG_WARN_EMPTY_BODY = YES;
				CLANG_WARN_ENUM_CONVERSION = YES;
				CLANG_WARN_INFINITE_RECURSION = YES;
				CLANG_WARN_INT_CONVERSION = YES;
				CLANG_WARN_NON_LITERAL_NULL_CONVERSION = YES;
				CLANG_WARN_OBJC_IMPLICIT_RETAIN_SELF = YES;
				CLANG_WARN_OBJC_LITERAL_CONVERSION = YES;
				CLANG_WARN_OBJC_ROOT_CLASS = YES_ERROR;
				CLANG_WARN_RANGE_LOOP_ANALYSIS = YES;
				CLANG_WARN_STRICT_PROTOTYPES = YES;
				CLANG_WARN_SUSPICIOUS_MOVE = YES;
				CLANG_WARN_UNGUARDED_AVAILABILITY = YES_AGGRESSIVE;
				CLANG_WARN_UNREACHABLE_CODE = YES;
				CLANG_WARN__DUPLICATE_METHOD_MATCH = YES;
				CODE_SIGN_IDENTITY = "iPhone Developer";
				COPY_PHASE_STRIP = NO;
				DEBUG_INFORMATION_FORMAT = "dwarf-with-dsym";
				ENABLE_NS_ASSERTIONS = NO;
				ENABLE_STRICT_OBJC_MSGSEND = YES;
				GCC_C_LANGUAGE_STANDARD = gnu11;
				GCC_NO_COMMON_BLOCKS = YES;
				GCC_WARN_64_TO_32_BIT_CONVERSION = YES;
				GCC_WARN_ABOUT_RETURN_TYPE = YES_ERROR;
				GCC_WARN_UNDECLARED_SELECTOR = YES;
				GCC_WARN_UNINITIALIZED_AUTOS = YES_AGGRESSIVE;
				GCC_WARN_UNUSED_FUNCTION = YES;
				GCC_WARN_UNUSED_VARIABLE = YES;
				IPHONEOS_DEPLOYMENT_TARGET = 12.1;
				MTL_ENABLE_DEBUG_INFO = NO;
				MTL_FAST_MATH = YES;
				SDKROOT = iphoneos;
				VALIDATE_PRODUCT = YES;
			};
			name = Release;
		};
		69DAEBA9220C71AE0019C21E /* Debug */ = {
			isa = XCBuildConfiguration;
			baseConfigurationReference = AF7FDC1F7FCAA5AA1E2C84AA /* Pods-AviaTickets.debug.xcconfig */;
			buildSettings = {
				ASSETCATALOG_COMPILER_APPICON_NAME = AppIcon;
				CLANG_ENABLE_OBJC_ARC = YES;
				CODE_SIGN_STYLE = Automatic;
				DEVELOPMENT_TEAM = XJN9TW8RPS;
				INFOPLIST_FILE = AviaTickets/Info.plist;
				LD_RUNPATH_SEARCH_PATHS = (
					"$(inherited)",
					"@executable_path/Frameworks",
				);
				PRODUCT_BUNDLE_IDENTIFIER = DenAnger.AviaTickets;
				PRODUCT_NAME = "$(TARGET_NAME)";
				TARGETED_DEVICE_FAMILY = "1,2";
			};
			name = Debug;
		};
		69DAEBAA220C71AE0019C21E /* Release */ = {
			isa = XCBuildConfiguration;
			baseConfigurationReference = 51AF884CF525447638714631 /* Pods-AviaTickets.release.xcconfig */;
			buildSettings = {
				ASSETCATALOG_COMPILER_APPICON_NAME = AppIcon;
				CLANG_ENABLE_OBJC_ARC = YES;
				CODE_SIGN_STYLE = Automatic;
				DEVELOPMENT_TEAM = XJN9TW8RPS;
				INFOPLIST_FILE = AviaTickets/Info.plist;
				LD_RUNPATH_SEARCH_PATHS = (
					"$(inherited)",
					"@executable_path/Frameworks",
				);
				PRODUCT_BUNDLE_IDENTIFIER = DenAnger.AviaTickets;
				PRODUCT_NAME = "$(TARGET_NAME)";
				TARGETED_DEVICE_FAMILY = "1,2";
			};
			name = Release;
		};
/* End XCBuildConfiguration section */

/* Begin XCConfigurationList section */
		69DAEB8D220C71AD0019C21E /* Build configuration list for PBXProject "AviaTickets" */ = {
			isa = XCConfigurationList;
			buildConfigurations = (
				69DAEBA6220C71AE0019C21E /* Debug */,
				69DAEBA7220C71AE0019C21E /* Release */,
			);
			defaultConfigurationIsVisible = 0;
			defaultConfigurationName = Release;
		};
		69DAEBA8220C71AE0019C21E /* Build configuration list for PBXNativeTarget "AviaTickets" */ = {
			isa = XCConfigurationList;
			buildConfigurations = (
				69DAEBA9220C71AE0019C21E /* Debug */,
				69DAEBAA220C71AE0019C21E /* Release */,
			);
			defaultConfigurationIsVisible = 0;
			defaultConfigurationName = Release;
		};
/* End XCConfigurationList section */

/* Begin XCVersionGroup section */
		69BDB5C4222CFD4300E8EA74 /* Tickets.xcdatamodeld */ = {
			isa = XCVersionGroup;
			children = (
				69BDB5C5222CFD4300E8EA74 /* Tickets.xcdatamodel */,
			);
			currentVersion = 69BDB5C5222CFD4300E8EA74 /* Tickets.xcdatamodel */;
			path = Tickets.xcdatamodeld;
			sourceTree = "<group>";
			versionGroupType = wrapper.xcdatamodel;
		};
/* End XCVersionGroup section */
	};
	rootObject = 69DAEB8A220C71AD0019C21E /* Project object */;
}
